// !$*UTF8*$!
{
	archiveVersion = 1;
	classes = {
	};
	objectVersion = 50;
	objects = {

/* Begin PBXBuildFile section */
		85316210241DDCB000FDE41A /* ProfileViewModel.swift in Sources */ = {isa = PBXBuildFile; fileRef = 8531620F241DDCB000FDE41A /* ProfileViewModel.swift */; };
		856B56E7241EDDD300B43B89 /* ProfileEditViewController.swift in Sources */ = {isa = PBXBuildFile; fileRef = 856B56E6241EDDD300B43B89 /* ProfileEditViewController.swift */; };
		856B56E9241EEFC600B43B89 /* ContainerCardView.swift in Sources */ = {isa = PBXBuildFile; fileRef = 856B56E8241EEFC600B43B89 /* ContainerCardView.swift */; };
		856B77DA241C4B0800741873 /* ProfileDatabaseHandler.swift in Sources */ = {isa = PBXBuildFile; fileRef = 856B77D9241C4B0800741873 /* ProfileDatabaseHandler.swift */; };
		85816EFA2415DB67004E2AE3 /* AppDelegate.swift in Sources */ = {isa = PBXBuildFile; fileRef = 85816EF92415DB67004E2AE3 /* AppDelegate.swift */; };
		85816EFC2415DB67004E2AE3 /* SceneDelegate.swift in Sources */ = {isa = PBXBuildFile; fileRef = 85816EFB2415DB67004E2AE3 /* SceneDelegate.swift */; };
		85816F042415DB67004E2AE3 /* macro_tracker.xcdatamodeld in Sources */ = {isa = PBXBuildFile; fileRef = 85816F022415DB67004E2AE3 /* macro_tracker.xcdatamodeld */; };
		85816F062415DB69004E2AE3 /* Assets.xcassets in Resources */ = {isa = PBXBuildFile; fileRef = 85816F052415DB69004E2AE3 /* Assets.xcassets */; };
		85816F122415DBE9004E2AE3 /* Coordinator.swift in Sources */ = {isa = PBXBuildFile; fileRef = 85816F112415DBE9004E2AE3 /* Coordinator.swift */; };
		85816F152415DC42004E2AE3 /* ApplicationCoordinator.swift in Sources */ = {isa = PBXBuildFile; fileRef = 85816F142415DC42004E2AE3 /* ApplicationCoordinator.swift */; };
		85816F1B2415E478004E2AE3 /* Launch Screen.storyboard in Resources */ = {isa = PBXBuildFile; fileRef = 85816F1A2415E478004E2AE3 /* Launch Screen.storyboard */; };
		85816F1D2415EDCF004E2AE3 /* FirstPageViewController.swift in Sources */ = {isa = PBXBuildFile; fileRef = 85816F1C2415EDCF004E2AE3 /* FirstPageViewController.swift */; };
		85816F1F2415F2A6004E2AE3 /* SecondPageViewController.swift in Sources */ = {isa = PBXBuildFile; fileRef = 85816F1E2415F2A6004E2AE3 /* SecondPageViewController.swift */; };
		85816F222415F3A5004E2AE3 /* MTPageViewController.swift in Sources */ = {isa = PBXBuildFile; fileRef = 85816F212415F3A5004E2AE3 /* MTPageViewController.swift */; };
		85816F25241605D4004E2AE3 /* ThirdPageViewController.swift in Sources */ = {isa = PBXBuildFile; fileRef = 85816F24241605D4004E2AE3 /* ThirdPageViewController.swift */; };
		85816F2824162F1C004E2AE3 /* WelcomeCoordinator.swift in Sources */ = {isa = PBXBuildFile; fileRef = 85816F2724162F1C004E2AE3 /* WelcomeCoordinator.swift */; };
		85816F2C2416F712004E2AE3 /* FourthPageViewController.swift in Sources */ = {isa = PBXBuildFile; fileRef = 85816F2B2416F712004E2AE3 /* FourthPageViewController.swift */; };
		85816F4624177234004E2AE3 /* MainCoordinator.swift in Sources */ = {isa = PBXBuildFile; fileRef = 85816F4524177234004E2AE3 /* MainCoordinator.swift */; };
		85816F482417738F004E2AE3 /* ProfileViewController.swift in Sources */ = {isa = PBXBuildFile; fileRef = 85816F472417738F004E2AE3 /* ProfileViewController.swift */; };
		85816F4A24177548004E2AE3 /* MTTabBarViewController.swift in Sources */ = {isa = PBXBuildFile; fileRef = 85816F4924177548004E2AE3 /* MTTabBarViewController.swift */; };
		85816F4C2417765A004E2AE3 /* MacroInputViewController.swift in Sources */ = {isa = PBXBuildFile; fileRef = 85816F4B2417765A004E2AE3 /* MacroInputViewController.swift */; };
		858F5F2624183BA700661A62 /* MTNavigationController.swift in Sources */ = {isa = PBXBuildFile; fileRef = 858F5F2524183BA700661A62 /* MTNavigationController.swift */; };
		858F5F2A2418654500661A62 /* MacroDataViewController.swift in Sources */ = {isa = PBXBuildFile; fileRef = 858F5F292418654500661A62 /* MacroDataViewController.swift */; };
		858F5F2C2418660600661A62 /* SettingsViewController.swift in Sources */ = {isa = PBXBuildFile; fileRef = 858F5F2B2418660600661A62 /* SettingsViewController.swift */; };
		858F5F362419E33A00661A62 /* Constants.swift in Sources */ = {isa = PBXBuildFile; fileRef = 858F5F352419E33A00661A62 /* Constants.swift */; };
		858F5F86241B52C700661A62 /* MTLabel.swift in Sources */ = {isa = PBXBuildFile; fileRef = 858F5F85241B52C700661A62 /* MTLabel.swift */; };
		858F5F8A241B53CE00661A62 /* UIView+Extensions.swift in Sources */ = {isa = PBXBuildFile; fileRef = 858F5F89241B53CE00661A62 /* UIView+Extensions.swift */; };
		858F5F8C241B588300661A62 /* DataCalculator.swift in Sources */ = {isa = PBXBuildFile; fileRef = 858F5F8B241B588300661A62 /* DataCalculator.swift */; };
		858F5F8E241B5A5200661A62 /* DataObjects.swift in Sources */ = {isa = PBXBuildFile; fileRef = 858F5F8D241B5A5200661A62 /* DataObjects.swift */; };
		858F5F90241B5FE500661A62 /* Double+Extensions.swift in Sources */ = {isa = PBXBuildFile; fileRef = 858F5F8F241B5FE500661A62 /* Double+Extensions.swift */; };
		858F5F92241B72D200661A62 /* ProfileTableViewCell.swift in Sources */ = {isa = PBXBuildFile; fileRef = 858F5F91241B72D200661A62 /* ProfileTableViewCell.swift */; };
/* End PBXBuildFile section */

/* Begin PBXContainerItemProxy section */
		85816F362416FDBE004E2AE3 /* PBXContainerItemProxy */ = {
			isa = PBXContainerItemProxy;
			containerPortal = 85816EEE2415DB67004E2AE3 /* Project object */;
			proxyType = 1;
			remoteGlobalIDString = 85816EF52415DB67004E2AE3;
			remoteInfo = "macro-tracker";
		};
/* End PBXContainerItemProxy section */

/* Begin PBXFileReference section */
		8531620F241DDCB000FDE41A /* ProfileViewModel.swift */ = {isa = PBXFileReference; lastKnownFileType = sourcecode.swift; path = ProfileViewModel.swift; sourceTree = "<group>"; };
		856B56E6241EDDD300B43B89 /* ProfileEditViewController.swift */ = {isa = PBXFileReference; lastKnownFileType = sourcecode.swift; path = ProfileEditViewController.swift; sourceTree = "<group>"; };
		856B56E8241EEFC600B43B89 /* ContainerCardView.swift */ = {isa = PBXFileReference; lastKnownFileType = sourcecode.swift; path = ContainerCardView.swift; sourceTree = "<group>"; };
		856B77D9241C4B0800741873 /* ProfileDatabaseHandler.swift */ = {isa = PBXFileReference; lastKnownFileType = sourcecode.swift; path = ProfileDatabaseHandler.swift; sourceTree = "<group>"; };
		85816EF62415DB67004E2AE3 /* macro-tracker.app */ = {isa = PBXFileReference; explicitFileType = wrapper.application; includeInIndex = 0; path = "macro-tracker.app"; sourceTree = BUILT_PRODUCTS_DIR; };
		85816EF92415DB67004E2AE3 /* AppDelegate.swift */ = {isa = PBXFileReference; lastKnownFileType = sourcecode.swift; path = AppDelegate.swift; sourceTree = "<group>"; };
		85816EFB2415DB67004E2AE3 /* SceneDelegate.swift */ = {isa = PBXFileReference; lastKnownFileType = sourcecode.swift; path = SceneDelegate.swift; sourceTree = "<group>"; };
		85816F032415DB67004E2AE3 /* macro_tracker.xcdatamodel */ = {isa = PBXFileReference; lastKnownFileType = wrapper.xcdatamodel; path = macro_tracker.xcdatamodel; sourceTree = "<group>"; };
		85816F052415DB69004E2AE3 /* Assets.xcassets */ = {isa = PBXFileReference; lastKnownFileType = folder.assetcatalog; path = Assets.xcassets; sourceTree = "<group>"; };
		85816F0A2415DB69004E2AE3 /* Info.plist */ = {isa = PBXFileReference; lastKnownFileType = text.plist.xml; path = Info.plist; sourceTree = "<group>"; };
		85816F112415DBE9004E2AE3 /* Coordinator.swift */ = {isa = PBXFileReference; lastKnownFileType = sourcecode.swift; path = Coordinator.swift; sourceTree = "<group>"; };
		85816F142415DC42004E2AE3 /* ApplicationCoordinator.swift */ = {isa = PBXFileReference; lastKnownFileType = sourcecode.swift; path = ApplicationCoordinator.swift; sourceTree = "<group>"; };
		85816F1A2415E478004E2AE3 /* Launch Screen.storyboard */ = {isa = PBXFileReference; lastKnownFileType = file.storyboard; path = "Launch Screen.storyboard"; sourceTree = "<group>"; };
		85816F1C2415EDCF004E2AE3 /* FirstPageViewController.swift */ = {isa = PBXFileReference; lastKnownFileType = sourcecode.swift; path = FirstPageViewController.swift; sourceTree = "<group>"; };
		85816F1E2415F2A6004E2AE3 /* SecondPageViewController.swift */ = {isa = PBXFileReference; lastKnownFileType = sourcecode.swift; path = SecondPageViewController.swift; sourceTree = "<group>"; };
		85816F212415F3A5004E2AE3 /* MTPageViewController.swift */ = {isa = PBXFileReference; lastKnownFileType = sourcecode.swift; path = MTPageViewController.swift; sourceTree = "<group>"; };
		85816F24241605D4004E2AE3 /* ThirdPageViewController.swift */ = {isa = PBXFileReference; lastKnownFileType = sourcecode.swift; path = ThirdPageViewController.swift; sourceTree = "<group>"; };
		85816F2724162F1C004E2AE3 /* WelcomeCoordinator.swift */ = {isa = PBXFileReference; lastKnownFileType = sourcecode.swift; path = WelcomeCoordinator.swift; sourceTree = "<group>"; };
		85816F2B2416F712004E2AE3 /* FourthPageViewController.swift */ = {isa = PBXFileReference; lastKnownFileType = sourcecode.swift; path = FourthPageViewController.swift; sourceTree = "<group>"; };
		85816F312416FDBE004E2AE3 /* macro-trackerTests.xctest */ = {isa = PBXFileReference; explicitFileType = wrapper.cfbundle; includeInIndex = 0; path = "macro-trackerTests.xctest"; sourceTree = BUILT_PRODUCTS_DIR; };
		85816F4524177234004E2AE3 /* MainCoordinator.swift */ = {isa = PBXFileReference; lastKnownFileType = sourcecode.swift; path = MainCoordinator.swift; sourceTree = "<group>"; };
		85816F472417738F004E2AE3 /* ProfileViewController.swift */ = {isa = PBXFileReference; lastKnownFileType = sourcecode.swift; path = ProfileViewController.swift; sourceTree = "<group>"; };
		85816F4924177548004E2AE3 /* MTTabBarViewController.swift */ = {isa = PBXFileReference; lastKnownFileType = sourcecode.swift; path = MTTabBarViewController.swift; sourceTree = "<group>"; };
		85816F4B2417765A004E2AE3 /* MacroInputViewController.swift */ = {isa = PBXFileReference; lastKnownFileType = sourcecode.swift; path = MacroInputViewController.swift; sourceTree = "<group>"; };
		858F5F2524183BA700661A62 /* MTNavigationController.swift */ = {isa = PBXFileReference; lastKnownFileType = sourcecode.swift; path = MTNavigationController.swift; sourceTree = "<group>"; };
		858F5F292418654500661A62 /* MacroDataViewController.swift */ = {isa = PBXFileReference; lastKnownFileType = sourcecode.swift; path = MacroDataViewController.swift; sourceTree = "<group>"; };
		858F5F2B2418660600661A62 /* SettingsViewController.swift */ = {isa = PBXFileReference; lastKnownFileType = sourcecode.swift; path = SettingsViewController.swift; sourceTree = "<group>"; };
		858F5F352419E33A00661A62 /* Constants.swift */ = {isa = PBXFileReference; lastKnownFileType = sourcecode.swift; path = Constants.swift; sourceTree = "<group>"; };
		858F5F85241B52C700661A62 /* MTLabel.swift */ = {isa = PBXFileReference; lastKnownFileType = sourcecode.swift; path = MTLabel.swift; sourceTree = "<group>"; };
		858F5F89241B53CE00661A62 /* UIView+Extensions.swift */ = {isa = PBXFileReference; lastKnownFileType = sourcecode.swift; path = "UIView+Extensions.swift"; sourceTree = "<group>"; };
		858F5F8B241B588300661A62 /* DataCalculator.swift */ = {isa = PBXFileReference; lastKnownFileType = sourcecode.swift; path = DataCalculator.swift; sourceTree = "<group>"; };
		858F5F8D241B5A5200661A62 /* DataObjects.swift */ = {isa = PBXFileReference; lastKnownFileType = sourcecode.swift; path = DataObjects.swift; sourceTree = "<group>"; };
		858F5F8F241B5FE500661A62 /* Double+Extensions.swift */ = {isa = PBXFileReference; lastKnownFileType = sourcecode.swift; path = "Double+Extensions.swift"; sourceTree = "<group>"; };
		858F5F91241B72D200661A62 /* ProfileTableViewCell.swift */ = {isa = PBXFileReference; lastKnownFileType = sourcecode.swift; path = ProfileTableViewCell.swift; sourceTree = "<group>"; };
/* End PBXFileReference section */

/* Begin PBXFrameworksBuildPhase section */
		85816EF32415DB67004E2AE3 /* Frameworks */ = {
			isa = PBXFrameworksBuildPhase;
			buildActionMask = 2147483647;
			files = (
			);
			runOnlyForDeploymentPostprocessing = 0;
		};
		85816F2E2416FDBE004E2AE3 /* Frameworks */ = {
			isa = PBXFrameworksBuildPhase;
			buildActionMask = 2147483647;
			files = (
			);
			runOnlyForDeploymentPostprocessing = 0;
		};
/* End PBXFrameworksBuildPhase section */

/* Begin PBXGroup section */
		85816EED2415DB67004E2AE3 = {
			isa = PBXGroup;
			children = (
				85816EF82415DB67004E2AE3 /* macro-tracker */,
				85816EF72415DB67004E2AE3 /* Products */,
			);
			sourceTree = "<group>";
		};
		85816EF72415DB67004E2AE3 /* Products */ = {
			isa = PBXGroup;
			children = (
				85816EF62415DB67004E2AE3 /* macro-tracker.app */,
				85816F312416FDBE004E2AE3 /* macro-trackerTests.xctest */,
			);
			name = Products;
			sourceTree = "<group>";
		};
		85816EF82415DB67004E2AE3 /* macro-tracker */ = {
			isa = PBXGroup;
			children = (
				85816EF92415DB67004E2AE3 /* AppDelegate.swift */,
				85816EFB2415DB67004E2AE3 /* SceneDelegate.swift */,
				85816F102415DBBE004E2AE3 /* Protocols */,
				85816F2624162E8B004E2AE3 /* Coordinators */,
				858F5F27241851E000661A62 /* WelcomeFlowControllers */,
				858F5F28241851FF00661A62 /* MainFlowControllers */,
				85816F202415F397004E2AE3 /* ReusableViews */,
				85816F232416055A004E2AE3 /* Constants */,
				858F5F81241AF77F00661A62 /* Model */,
				858F5F88241B53B100661A62 /* Extensions */,
				85816F052415DB69004E2AE3 /* Assets.xcassets */,
				85816F1A2415E478004E2AE3 /* Launch Screen.storyboard */,
				85816F0A2415DB69004E2AE3 /* Info.plist */,
				85816F022415DB67004E2AE3 /* macro_tracker.xcdatamodeld */,
			);
			path = "macro-tracker";
			sourceTree = "<group>";
		};
		85816F102415DBBE004E2AE3 /* Protocols */ = {
			isa = PBXGroup;
			children = (
				85816F112415DBE9004E2AE3 /* Coordinator.swift */,
			);
			path = Protocols;
			sourceTree = "<group>";
		};
		85816F202415F397004E2AE3 /* ReusableViews */ = {
			isa = PBXGroup;
			children = (
				85816F212415F3A5004E2AE3 /* MTPageViewController.swift */,
				85816F4924177548004E2AE3 /* MTTabBarViewController.swift */,
				858F5F2524183BA700661A62 /* MTNavigationController.swift */,
				858F5F85241B52C700661A62 /* MTLabel.swift */,
				856B56E8241EEFC600B43B89 /* ContainerCardView.swift */,
			);
			path = ReusableViews;
			sourceTree = "<group>";
		};
		85816F232416055A004E2AE3 /* Constants */ = {
			isa = PBXGroup;
			children = (
				858F5F352419E33A00661A62 /* Constants.swift */,
			);
			path = Constants;
			sourceTree = "<group>";
		};
		85816F2624162E8B004E2AE3 /* Coordinators */ = {
			isa = PBXGroup;
			children = (
				85816F142415DC42004E2AE3 /* ApplicationCoordinator.swift */,
				85816F2724162F1C004E2AE3 /* WelcomeCoordinator.swift */,
				85816F4524177234004E2AE3 /* MainCoordinator.swift */,
			);
			path = Coordinators;
			sourceTree = "<group>";
		};
		858F5F27241851E000661A62 /* WelcomeFlowControllers */ = {
			isa = PBXGroup;
			children = (
				85816F1C2415EDCF004E2AE3 /* FirstPageViewController.swift */,
				85816F1E2415F2A6004E2AE3 /* SecondPageViewController.swift */,
				85816F24241605D4004E2AE3 /* ThirdPageViewController.swift */,
				85816F2B2416F712004E2AE3 /* FourthPageViewController.swift */,
			);
			path = WelcomeFlowControllers;
			sourceTree = "<group>";
		};
		858F5F28241851FF00661A62 /* MainFlowControllers */ = {
			isa = PBXGroup;
			children = (
				85816F472417738F004E2AE3 /* ProfileViewController.swift */,
				8531620F241DDCB000FDE41A /* ProfileViewModel.swift */,
				858F5F91241B72D200661A62 /* ProfileTableViewCell.swift */,
				856B56E6241EDDD300B43B89 /* ProfileEditViewController.swift */,
				85816F4B2417765A004E2AE3 /* MacroInputViewController.swift */,
				858F5F292418654500661A62 /* MacroDataViewController.swift */,
				858F5F2B2418660600661A62 /* SettingsViewController.swift */,
			);
			path = MainFlowControllers;
			sourceTree = "<group>";
		};
		858F5F81241AF77F00661A62 /* Model */ = {
			isa = PBXGroup;
			children = (
				856B77D9241C4B0800741873 /* ProfileDatabaseHandler.swift */,
				858F5F8B241B588300661A62 /* DataCalculator.swift */,
				858F5F8D241B5A5200661A62 /* DataObjects.swift */,
			);
			path = Model;
			sourceTree = "<group>";
		};
		858F5F88241B53B100661A62 /* Extensions */ = {
			isa = PBXGroup;
			children = (
				858F5F89241B53CE00661A62 /* UIView+Extensions.swift */,
				858F5F8F241B5FE500661A62 /* Double+Extensions.swift */,
			);
			path = Extensions;
			sourceTree = "<group>";
		};
/* End PBXGroup section */

/* Begin PBXNativeTarget section */
		85816EF52415DB67004E2AE3 /* macro-tracker */ = {
			isa = PBXNativeTarget;
			buildConfigurationList = 85816F0D2415DB69004E2AE3 /* Build configuration list for PBXNativeTarget "macro-tracker" */;
			buildPhases = (
				85816EF22415DB67004E2AE3 /* Sources */,
				85816EF32415DB67004E2AE3 /* Frameworks */,
				85816EF42415DB67004E2AE3 /* Resources */,
			);
			buildRules = (
			);
			dependencies = (
			);
			name = "macro-tracker";
			productName = "macro-tracker";
			productReference = 85816EF62415DB67004E2AE3 /* macro-tracker.app */;
			productType = "com.apple.product-type.application";
		};
		85816F302416FDBE004E2AE3 /* macro-trackerTests */ = {
			isa = PBXNativeTarget;
			buildConfigurationList = 85816F382416FDBE004E2AE3 /* Build configuration list for PBXNativeTarget "macro-trackerTests" */;
			buildPhases = (
				85816F2D2416FDBE004E2AE3 /* Sources */,
				85816F2E2416FDBE004E2AE3 /* Frameworks */,
				85816F2F2416FDBE004E2AE3 /* Resources */,
			);
			buildRules = (
			);
			dependencies = (
				85816F372416FDBE004E2AE3 /* PBXTargetDependency */,
			);
			name = "macro-trackerTests";
			productName = "macro-trackerTests";
			productReference = 85816F312416FDBE004E2AE3 /* macro-trackerTests.xctest */;
			productType = "com.apple.product-type.bundle.unit-test";
		};
/* End PBXNativeTarget section */

/* Begin PBXProject section */
		85816EEE2415DB67004E2AE3 /* Project object */ = {
			isa = PBXProject;
			attributes = {
				LastSwiftUpdateCheck = 1130;
				LastUpgradeCheck = 1130;
				ORGANIZATIONNAME = Felix;
				TargetAttributes = {
					85816EF52415DB67004E2AE3 = {
						CreatedOnToolsVersion = 11.3.1;
					};
					85816F302416FDBE004E2AE3 = {
						CreatedOnToolsVersion = 11.3.1;
						TestTargetID = 85816EF52415DB67004E2AE3;
					};
				};
			};
			buildConfigurationList = 85816EF12415DB67004E2AE3 /* Build configuration list for PBXProject "macro-tracker" */;
			compatibilityVersion = "Xcode 9.3";
			developmentRegion = en;
			hasScannedForEncodings = 0;
			knownRegions = (
				en,
				Base,
			);
			mainGroup = 85816EED2415DB67004E2AE3;
			productRefGroup = 85816EF72415DB67004E2AE3 /* Products */;
			projectDirPath = "";
			projectRoot = "";
			targets = (
				85816EF52415DB67004E2AE3 /* macro-tracker */,
				85816F302416FDBE004E2AE3 /* macro-trackerTests */,
			);
		};
/* End PBXProject section */

/* Begin PBXResourcesBuildPhase section */
		85816EF42415DB67004E2AE3 /* Resources */ = {
			isa = PBXResourcesBuildPhase;
			buildActionMask = 2147483647;
			files = (
				85816F1B2415E478004E2AE3 /* Launch Screen.storyboard in Resources */,
				85816F062415DB69004E2AE3 /* Assets.xcassets in Resources */,
			);
			runOnlyForDeploymentPostprocessing = 0;
		};
		85816F2F2416FDBE004E2AE3 /* Resources */ = {
			isa = PBXResourcesBuildPhase;
			buildActionMask = 2147483647;
			files = (
			);
			runOnlyForDeploymentPostprocessing = 0;
		};
/* End PBXResourcesBuildPhase section */

/* Begin PBXSourcesBuildPhase section */
		85816EF22415DB67004E2AE3 /* Sources */ = {
			isa = PBXSourcesBuildPhase;
			buildActionMask = 2147483647;
			files = (
				858F5F90241B5FE500661A62 /* Double+Extensions.swift in Sources */,
				858F5F8A241B53CE00661A62 /* UIView+Extensions.swift in Sources */,
				856B56E7241EDDD300B43B89 /* ProfileEditViewController.swift in Sources */,
				85816EFA2415DB67004E2AE3 /* AppDelegate.swift in Sources */,
				85316210241DDCB000FDE41A /* ProfileViewModel.swift in Sources */,
				858F5F86241B52C700661A62 /* MTLabel.swift in Sources */,
				858F5F362419E33A00661A62 /* Constants.swift in Sources */,
				85816F1F2415F2A6004E2AE3 /* SecondPageViewController.swift in Sources */,
				85816F2C2416F712004E2AE3 /* FourthPageViewController.swift in Sources */,
				85816F122415DBE9004E2AE3 /* Coordinator.swift in Sources */,
				85816F482417738F004E2AE3 /* ProfileViewController.swift in Sources */,
				858F5F2624183BA700661A62 /* MTNavigationController.swift in Sources */,
				856B77DA241C4B0800741873 /* ProfileDatabaseHandler.swift in Sources */,
				85816EFC2415DB67004E2AE3 /* SceneDelegate.swift in Sources */,
				85816F2824162F1C004E2AE3 /* WelcomeCoordinator.swift in Sources */,
				85816F1D2415EDCF004E2AE3 /* FirstPageViewController.swift in Sources */,
				85816F222415F3A5004E2AE3 /* MTPageViewController.swift in Sources */,
				858F5F8E241B5A5200661A62 /* DataObjects.swift in Sources */,
				85816F4C2417765A004E2AE3 /* MacroInputViewController.swift in Sources */,
				85816F042415DB67004E2AE3 /* macro_tracker.xcdatamodeld in Sources */,
				858F5F2A2418654500661A62 /* MacroDataViewController.swift in Sources */,
				85816F4624177234004E2AE3 /* MainCoordinator.swift in Sources */,
				85816F152415DC42004E2AE3 /* ApplicationCoordinator.swift in Sources */,
				85816F4A24177548004E2AE3 /* MTTabBarViewController.swift in Sources */,
				858F5F8C241B588300661A62 /* DataCalculator.swift in Sources */,
				85816F25241605D4004E2AE3 /* ThirdPageViewController.swift in Sources */,
				858F5F92241B72D200661A62 /* ProfileTableViewCell.swift in Sources */,
				858F5F2C2418660600661A62 /* SettingsViewController.swift in Sources */,
				856B56E9241EEFC600B43B89 /* ContainerCardView.swift in Sources */,
			);
			runOnlyForDeploymentPostprocessing = 0;
		};
		85816F2D2416FDBE004E2AE3 /* Sources */ = {
			isa = PBXSourcesBuildPhase;
			buildActionMask = 2147483647;
			files = (
			);
			runOnlyForDeploymentPostprocessing = 0;
		};
/* End PBXSourcesBuildPhase section */

/* Begin PBXTargetDependency section */
		85816F372416FDBE004E2AE3 /* PBXTargetDependency */ = {
			isa = PBXTargetDependency;
			target = 85816EF52415DB67004E2AE3 /* macro-tracker */;
			targetProxy = 85816F362416FDBE004E2AE3 /* PBXContainerItemProxy */;
		};
/* End PBXTargetDependency section */

/* Begin XCBuildConfiguration section */
		85816F0B2415DB69004E2AE3 /* Debug */ = {
			isa = XCBuildConfiguration;
			buildSettings = {
				ALWAYS_SEARCH_USER_PATHS = NO;
				CLANG_ANALYZER_NONNULL = YES;
				CLANG_ANALYZER_NUMBER_OBJECT_CONVERSION = YES_AGGRESSIVE;
				CLANG_CXX_LANGUAGE_STANDARD = "gnu++14";
				CLANG_CXX_LIBRARY = "libc++";
				CLANG_ENABLE_MODULES = YES;
				CLANG_ENABLE_OBJC_ARC = YES;
				CLANG_ENABLE_OBJC_WEAK = YES;
				CLANG_WARN_BLOCK_CAPTURE_AUTORELEASING = YES;
				CLANG_WARN_BOOL_CONVERSION = YES;
				CLANG_WARN_COMMA = YES;
				CLANG_WARN_CONSTANT_CONVERSION = YES;
				CLANG_WARN_DEPRECATED_OBJC_IMPLEMENTATIONS = YES;
				CLANG_WARN_DIRECT_OBJC_ISA_USAGE = YES_ERROR;
				CLANG_WARN_DOCUMENTATION_COMMENTS = YES;
				CLANG_WARN_EMPTY_BODY = YES;
				CLANG_WARN_ENUM_CONVERSION = YES;
				CLANG_WARN_INFINITE_RECURSION = YES;
				CLANG_WARN_INT_CONVERSION = YES;
				CLANG_WARN_NON_LITERAL_NULL_CONVERSION = YES;
				CLANG_WARN_OBJC_IMPLICIT_RETAIN_SELF = YES;
				CLANG_WARN_OBJC_LITERAL_CONVERSION = YES;
				CLANG_WARN_OBJC_ROOT_CLASS = YES_ERROR;
				CLANG_WARN_RANGE_LOOP_ANALYSIS = YES;
				CLANG_WARN_STRICT_PROTOTYPES = YES;
				CLANG_WARN_SUSPICIOUS_MOVE = YES;
				CLANG_WARN_UNGUARDED_AVAILABILITY = YES_AGGRESSIVE;
				CLANG_WARN_UNREACHABLE_CODE = YES;
				CLANG_WARN__DUPLICATE_METHOD_MATCH = YES;
				COPY_PHASE_STRIP = NO;
				DEBUG_INFORMATION_FORMAT = dwarf;
				ENABLE_STRICT_OBJC_MSGSEND = YES;
				ENABLE_TESTABILITY = YES;
				GCC_C_LANGUAGE_STANDARD = gnu11;
				GCC_DYNAMIC_NO_PIC = NO;
				GCC_NO_COMMON_BLOCKS = YES;
				GCC_OPTIMIZATION_LEVEL = 0;
				GCC_PREPROCESSOR_DEFINITIONS = (
					"DEBUG=1",
					"$(inherited)",
				);
				GCC_WARN_64_TO_32_BIT_CONVERSION = YES;
				GCC_WARN_ABOUT_RETURN_TYPE = YES_ERROR;
				GCC_WARN_UNDECLARED_SELECTOR = YES;
				GCC_WARN_UNINITIALIZED_AUTOS = YES_AGGRESSIVE;
				GCC_WARN_UNUSED_FUNCTION = YES;
				GCC_WARN_UNUSED_VARIABLE = YES;
				IPHONEOS_DEPLOYMENT_TARGET = 13.2;
				MTL_ENABLE_DEBUG_INFO = INCLUDE_SOURCE;
				MTL_FAST_MATH = YES;
				ONLY_ACTIVE_ARCH = YES;
				SDKROOT = iphoneos;
				SWIFT_ACTIVE_COMPILATION_CONDITIONS = DEBUG;
				SWIFT_OPTIMIZATION_LEVEL = "-Onone";
			};
			name = Debug;
		};
		85816F0C2415DB69004E2AE3 /* Release */ = {
			isa = XCBuildConfiguration;
			buildSettings = {
				ALWAYS_SEARCH_USER_PATHS = NO;
				CLANG_ANALYZER_NONNULL = YES;
				CLANG_ANALYZER_NUMBER_OBJECT_CONVERSION = YES_AGGRESSIVE;
				CLANG_CXX_LANGUAGE_STANDARD = "gnu++14";
				CLANG_CXX_LIBRARY = "libc++";
				CLANG_ENABLE_MODULES = YES;
				CLANG_ENABLE_OBJC_ARC = YES;
				CLANG_ENABLE_OBJC_WEAK = YES;
				CLANG_WARN_BLOCK_CAPTURE_AUTORELEASING = YES;
				CLANG_WARN_BOOL_CONVERSION = YES;
				CLANG_WARN_COMMA = YES;
				CLANG_WARN_CONSTANT_CONVERSION = YES;
				CLANG_WARN_DEPRECATED_OBJC_IMPLEMENTATIONS = YES;
				CLANG_WARN_DIRECT_OBJC_ISA_USAGE = YES_ERROR;
				CLANG_WARN_DOCUMENTATION_COMMENTS = YES;
				CLANG_WARN_EMPTY_BODY = YES;
				CLANG_WARN_ENUM_CONVERSION = YES;
				CLANG_WARN_INFINITE_RECURSION = YES;
				CLANG_WARN_INT_CONVERSION = YES;
				CLANG_WARN_NON_LITERAL_NULL_CONVERSION = YES;
				CLANG_WARN_OBJC_IMPLICIT_RETAIN_SELF = YES;
				CLANG_WARN_OBJC_LITERAL_CONVERSION = YES;
				CLANG_WARN_OBJC_ROOT_CLASS = YES_ERROR;
				CLANG_WARN_RANGE_LOOP_ANALYSIS = YES;
				CLANG_WARN_STRICT_PROTOTYPES = YES;
				CLANG_WARN_SUSPICIOUS_MOVE = YES;
				CLANG_WARN_UNGUARDED_AVAILABILITY = YES_AGGRESSIVE;
				CLANG_WARN_UNREACHABLE_CODE = YES;
				CLANG_WARN__DUPLICATE_METHOD_MATCH = YES;
				COPY_PHASE_STRIP = NO;
				DEBUG_INFORMATION_FORMAT = "dwarf-with-dsym";
				ENABLE_NS_ASSERTIONS = NO;
				ENABLE_STRICT_OBJC_MSGSEND = YES;
				GCC_C_LANGUAGE_STANDARD = gnu11;
				GCC_NO_COMMON_BLOCKS = YES;
				GCC_WARN_64_TO_32_BIT_CONVERSION = YES;
				GCC_WARN_ABOUT_RETURN_TYPE = YES_ERROR;
				GCC_WARN_UNDECLARED_SELECTOR = YES;
				GCC_WARN_UNINITIALIZED_AUTOS = YES_AGGRESSIVE;
				GCC_WARN_UNUSED_FUNCTION = YES;
				GCC_WARN_UNUSED_VARIABLE = YES;
				IPHONEOS_DEPLOYMENT_TARGET = 13.2;
				MTL_ENABLE_DEBUG_INFO = NO;
				MTL_FAST_MATH = YES;
				SDKROOT = iphoneos;
				SWIFT_COMPILATION_MODE = wholemodule;
				SWIFT_OPTIMIZATION_LEVEL = "-O";
				VALIDATE_PRODUCT = YES;
			};
			name = Release;
		};
		85816F0E2415DB69004E2AE3 /* Debug */ = {
			isa = XCBuildConfiguration;
			buildSettings = {
				ASSETCATALOG_COMPILER_APPICON_NAME = AppIcon;
				CODE_SIGN_STYLE = Automatic;
				DEVELOPMENT_TEAM = 3A73B4C63H;
				INFOPLIST_FILE = "macro-tracker/Info.plist";
				LD_RUNPATH_SEARCH_PATHS = (
					"$(inherited)",
					"@executable_path/Frameworks",
				);
				PRODUCT_BUNDLE_IDENTIFIER = "com.FelixZhou.macro-tracker";
				PRODUCT_NAME = "$(TARGET_NAME)";
				SWIFT_VERSION = 5.0;
				TARGETED_DEVICE_FAMILY = "1,2";
			};
			name = Debug;
		};
		85816F0F2415DB69004E2AE3 /* Release */ = {
			isa = XCBuildConfiguration;
			buildSettings = {
				ASSETCATALOG_COMPILER_APPICON_NAME = AppIcon;
				CODE_SIGN_STYLE = Automatic;
				DEVELOPMENT_TEAM = 3A73B4C63H;
				INFOPLIST_FILE = "macro-tracker/Info.plist";
				LD_RUNPATH_SEARCH_PATHS = (
					"$(inherited)",
					"@executable_path/Frameworks",
				);
				PRODUCT_BUNDLE_IDENTIFIER = "com.FelixZhou.macro-tracker";
				PRODUCT_NAME = "$(TARGET_NAME)";
				SWIFT_VERSION = 5.0;
				TARGETED_DEVICE_FAMILY = "1,2";
			};
			name = Release;
		};
		85816F392416FDBE004E2AE3 /* Debug */ = {
			isa = XCBuildConfiguration;
			buildSettings = {
				BUNDLE_LOADER = "$(TEST_HOST)";
				CODE_SIGN_STYLE = Automatic;
				DEVELOPMENT_TEAM = 3A73B4C63H;
				INFOPLIST_FILE = "macro-trackerTests/Info.plist";
				LD_RUNPATH_SEARCH_PATHS = (
					"$(inherited)",
					"@executable_path/Frameworks",
					"@loader_path/Frameworks",
				);
				PRODUCT_BUNDLE_IDENTIFIER = "com.FelixZhou.macro-trackerTests";
				PRODUCT_NAME = "$(TARGET_NAME)";
				SWIFT_VERSION = 5.0;
				TARGETED_DEVICE_FAMILY = "1,2";
				TEST_HOST = "$(BUILT_PRODUCTS_DIR)/macro-tracker.app/macro-tracker";
			};
			name = Debug;
		};
		85816F3A2416FDBE004E2AE3 /* Release */ = {
			isa = XCBuildConfiguration;
			buildSettings = {
				BUNDLE_LOADER = "$(TEST_HOST)";
				CODE_SIGN_STYLE = Automatic;
				DEVELOPMENT_TEAM = 3A73B4C63H;
				INFOPLIST_FILE = "macro-trackerTests/Info.plist";
				LD_RUNPATH_SEARCH_PATHS = (
					"$(inherited)",
					"@executable_path/Frameworks",
					"@loader_path/Frameworks",
				);
				PRODUCT_BUNDLE_IDENTIFIER = "com.FelixZhou.macro-trackerTests";
				PRODUCT_NAME = "$(TARGET_NAME)";
				SWIFT_VERSION = 5.0;
				TARGETED_DEVICE_FAMILY = "1,2";
				TEST_HOST = "$(BUILT_PRODUCTS_DIR)/macro-tracker.app/macro-tracker";
			};
			name = Release;
		};
/* End XCBuildConfiguration section */

/* Begin XCConfigurationList section */
		85816EF12415DB67004E2AE3 /* Build configuration list for PBXProject "macro-tracker" */ = {
			isa = XCConfigurationList;
			buildConfigurations = (
				85816F0B2415DB69004E2AE3 /* Debug */,
				85816F0C2415DB69004E2AE3 /* Release */,
			);
			defaultConfigurationIsVisible = 0;
			defaultConfigurationName = Release;
		};
		85816F0D2415DB69004E2AE3 /* Build configuration list for PBXNativeTarget "macro-tracker" */ = {
			isa = XCConfigurationList;
			buildConfigurations = (
				85816F0E2415DB69004E2AE3 /* Debug */,
				85816F0F2415DB69004E2AE3 /* Release */,
			);
			defaultConfigurationIsVisible = 0;
			defaultConfigurationName = Release;
		};
		85816F382416FDBE004E2AE3 /* Build configuration list for PBXNativeTarget "macro-trackerTests" */ = {
			isa = XCConfigurationList;
			buildConfigurations = (
				85816F392416FDBE004E2AE3 /* Debug */,
				85816F3A2416FDBE004E2AE3 /* Release */,
			);
			defaultConfigurationIsVisible = 0;
			defaultConfigurationName = Release;
		};
/* End XCConfigurationList section */

/* Begin XCVersionGroup section */
		85816F022415DB67004E2AE3 /* macro_tracker.xcdatamodeld */ = {
			isa = XCVersionGroup;
			children = (
				85816F032415DB67004E2AE3 /* macro_tracker.xcdatamodel */,
			);
			currentVersion = 85816F032415DB67004E2AE3 /* macro_tracker.xcdatamodel */;
			path = macro_tracker.xcdatamodeld;
			sourceTree = "<group>";
			versionGroupType = wrapper.xcdatamodel;
		};
/* End XCVersionGroup section */
	};
	rootObject = 85816EEE2415DB67004E2AE3 /* Project object */;
}
